
Microsoft Visual Studio Solution File, Format Version 12.00
# Visual Studio Version 16
VisualStudioVersion = 16.0.31205.134
MinimumVisualStudioVersion = 10.0.40219.1
Project("{9A19103F-16F7-4668-BE54-9A1E7A4F7556}") = "APIGateway", "APIGateway\APIGateway.csproj", "{D8FBF9B6-41CD-48AF-8298-FC2BE92FF012}"
EndProject
Project("{2150E333-8FDC-42A3-9474-1A3956D46DE8}") = "Services", "Services", "{FF6B70F5-0CD8-4EA1-BD24-85BA26BFC55C}"
EndProject
Project("{9A19103F-16F7-4668-BE54-9A1E7A4F7556}") = "Contact.API", "Services\ContactAPI\Contact.API\Contact.API.csproj", "{99D034EC-4D7E-46B4-9A9F-60FD986B9F8A}"
EndProject
Project("{9A19103F-16F7-4668-BE54-9A1E7A4F7556}") = "Reservation.API", "Services\ResAPI\Reservation.API\Reservation.API.csproj", "{70B9BD0E-858A-4794-B7FC-A32AF479D132}"
EndProject
Project("{2150E333-8FDC-42A3-9474-1A3956D46DE8}") = "ContactAPI", "ContactAPI", "{7454FA13-4839-4B5D-BB6F-7EF722E4379F}"
EndProject
Project("{2150E333-8FDC-42A3-9474-1A3956D46DE8}") = "ReservationAPI", "ReservationAPI", "{8501E1D0-FB55-4A1F-B599-BA1BEC59AEB8}"
EndProject
Project("{9A19103F-16F7-4668-BE54-9A1E7A4F7556}") = "Contact.API.Infrastructure", "Services\ContactAPI\Contact.API.Infrastructure\Contact.API.Infrastructure.csproj", "{BAE6C8C2-1EA5-4037-8588-F7368BB10E68}"
EndProject
Project("{9A19103F-16F7-4668-BE54-9A1E7A4F7556}") = "Contact.API.Models", "Services\ContactAPI\Contact.API.Models\Contact.API.Models.csproj", "{3FB1702E-75F5-4990-AD16-1B32A2AC0DCD}"
EndProject
Project("{9A19103F-16F7-4668-BE54-9A1E7A4F7556}") = "Contact.API.Services", "Services\ContactAPI\Contact.API.Services\Contact.API.Services.csproj", "{8937A580-A4CF-4FA9-82D5-45434D6681D1}"
EndProject
Project("{FAE04EC0-301F-11D3-BF4B-00C04F79EFBC}") = "Reservation.API.Infrastructure", "Services\ResAPI\Reservation.API.Infrastructure\Reservation.API.Infrastructure.csproj", "{458102B0-203C-4847-9322-A9A6B4FA1C3D}"
EndProject
Project("{FAE04EC0-301F-11D3-BF4B-00C04F79EFBC}") = "Reservation.API.Services", "Services\ResAPI\Reservation.API.Services\Reservation.API.Services.csproj", "{5C27DC2B-166F-4A01-ABEE-B5FB0EDDA874}"
EndProject
Project("{FAE04EC0-301F-11D3-BF4B-00C04F79EFBC}") = "Reservation.API.Models", "Services\ResAPI\Reservation.API.Models\Reservation.API.Models.csproj", "{D4B4B856-58A3-4E11-BD26-9C5181FBC094}"
EndProject
Global
	GlobalSection(SolutionConfigurationPlatforms) = preSolution
		Debug|Any CPU = Debug|Any CPU
		Release|Any CPU = Release|Any CPU
	EndGlobalSection
	GlobalSection(ProjectConfigurationPlatforms) = postSolution
		{D8FBF9B6-41CD-48AF-8298-FC2BE92FF012}.Debug|Any CPU.ActiveCfg = Debug|Any CPU
		{D8FBF9B6-41CD-48AF-8298-FC2BE92FF012}.Debug|Any CPU.Build.0 = Debug|Any CPU
		{D8FBF9B6-41CD-48AF-8298-FC2BE92FF012}.Release|Any CPU.ActiveCfg = Release|Any CPU
		{D8FBF9B6-41CD-48AF-8298-FC2BE92FF012}.Release|Any CPU.Build.0 = Release|Any CPU
		{99D034EC-4D7E-46B4-9A9F-60FD986B9F8A}.Debug|Any CPU.ActiveCfg = Debug|Any CPU
		{99D034EC-4D7E-46B4-9A9F-60FD986B9F8A}.Debug|Any CPU.Build.0 = Debug|Any CPU
		{99D034EC-4D7E-46B4-9A9F-60FD986B9F8A}.Release|Any CPU.ActiveCfg = Release|Any CPU
		{99D034EC-4D7E-46B4-9A9F-60FD986B9F8A}.Release|Any CPU.Build.0 = Release|Any CPU
		{70B9BD0E-858A-4794-B7FC-A32AF479D132}.Debug|Any CPU.ActiveCfg = Debug|Any CPU
		{70B9BD0E-858A-4794-B7FC-A32AF479D132}.Debug|Any CPU.Build.0 = Debug|Any CPU
		{70B9BD0E-858A-4794-B7FC-A32AF479D132}.Release|Any CPU.ActiveCfg = Release|Any CPU
		{70B9BD0E-858A-4794-B7FC-A32AF479D132}.Release|Any CPU.Build.0 = Release|Any CPU
		{BAE6C8C2-1EA5-4037-8588-F7368BB10E68}.Debug|Any CPU.ActiveCfg = Debug|Any CPU
		{BAE6C8C2-1EA5-4037-8588-F7368BB10E68}.Debug|Any CPU.Build.0 = Debug|Any CPU
		{BAE6C8C2-1EA5-4037-8588-F7368BB10E68}.Release|Any CPU.ActiveCfg = Release|Any CPU
		{BAE6C8C2-1EA5-4037-8588-F7368BB10E68}.Release|Any CPU.Build.0 = Release|Any CPU
		{3FB1702E-75F5-4990-AD16-1B32A2AC0DCD}.Debug|Any CPU.ActiveCfg = Debug|Any CPU
		{3FB1702E-75F5-4990-AD16-1B32A2AC0DCD}.Debug|Any CPU.Build.0 = Debug|Any CPU
		{3FB1702E-75F5-4990-AD16-1B32A2AC0DCD}.Release|Any CPU.ActiveCfg = Release|Any CPU
		{3FB1702E-75F5-4990-AD16-1B32A2AC0DCD}.Release|Any CPU.Build.0 = Release|Any CPU
		{8937A580-A4CF-4FA9-82D5-45434D6681D1}.Debug|Any CPU.ActiveCfg = Debug|Any CPU
		{8937A580-A4CF-4FA9-82D5-45434D6681D1}.Debug|Any CPU.Build.0 = Debug|Any CPU
		{8937A580-A4CF-4FA9-82D5-45434D6681D1}.Release|Any CPU.ActiveCfg = Release|Any CPU
		{8937A580-A4CF-4FA9-82D5-45434D6681D1}.Release|Any CPU.Build.0 = Release|Any CPU
		{458102B0-203C-4847-9322-A9A6B4FA1C3D}.Debug|Any CPU.ActiveCfg = Debug|Any CPU
		{458102B0-203C-4847-9322-A9A6B4FA1C3D}.Debug|Any CPU.Build.0 = Debug|Any CPU
		{458102B0-203C-4847-9322-A9A6B4FA1C3D}.Release|Any CPU.ActiveCfg = Release|Any CPU
		{458102B0-203C-4847-9322-A9A6B4FA1C3D}.Release|Any CPU.Build.0 = Release|Any CPU
		{5C27DC2B-166F-4A01-ABEE-B5FB0EDDA874}.Debug|Any CPU.ActiveCfg = Debug|Any CPU
		{5C27DC2B-166F-4A01-ABEE-B5FB0EDDA874}.Debug|Any CPU.Build.0 = Debug|Any CPU
		{5C27DC2B-166F-4A01-ABEE-B5FB0EDDA874}.Release|Any CPU.ActiveCfg = Release|Any CPU
		{5C27DC2B-166F-4A01-ABEE-B5FB0EDDA874}.Release|Any CPU.Build.0 = Release|Any CPU
		{D4B4B856-58A3-4E11-BD26-9C5181FBC094}.Debug|Any CPU.ActiveCfg = Debug|Any CPU
		{D4B4B856-58A3-4E11-BD26-9C5181FBC094}.Debug|Any CPU.Build.0 = Debug|Any CPU
		{D4B4B856-58A3-4E11-BD26-9C5181FBC094}.Release|Any CPU.ActiveCfg = Release|Any CPU
		{D4B4B856-58A3-4E11-BD26-9C5181FBC094}.Release|Any CPU.Build.0 = Release|Any CPU
	EndGlobalSection
	GlobalSection(SolutionProperties) = preSolution
		HideSolutionNode = FALSE
	EndGlobalSection
	GlobalSection(NestedProjects) = preSolution
		{99D034EC-4D7E-46B4-9A9F-60FD986B9F8A} = {7454FA13-4839-4B5D-BB6F-7EF722E4379F}
		{70B9BD0E-858A-4794-B7FC-A32AF479D132} = {8501E1D0-FB55-4A1F-B599-BA1BEC59AEB8}
		{7454FA13-4839-4B5D-BB6F-7EF722E4379F} = {FF6B70F5-0CD8-4EA1-BD24-85BA26BFC55C}
		{8501E1D0-FB55-4A1F-B599-BA1BEC59AEB8} = {FF6B70F5-0CD8-4EA1-BD24-85BA26BFC55C}
		{BAE6C8C2-1EA5-4037-8588-F7368BB10E68} = {7454FA13-4839-4B5D-BB6F-7EF722E4379F}
		{3FB1702E-75F5-4990-AD16-1B32A2AC0DCD} = {7454FA13-4839-4B5D-BB6F-7EF722E4379F}
		{8937A580-A4CF-4FA9-82D5-45434D6681D1} = {7454FA13-4839-4B5D-BB6F-7EF722E4379F}
		{458102B0-203C-4847-9322-A9A6B4FA1C3D} = {8501E1D0-FB55-4A1F-B599-BA1BEC59AEB8}
		{5C27DC2B-166F-4A01-ABEE-B5FB0EDDA874} = {8501E1D0-FB55-4A1F-B599-BA1BEC59AEB8}
		{D4B4B856-58A3-4E11-BD26-9C5181FBC094} = {8501E1D0-FB55-4A1F-B599-BA1BEC59AEB8}
	EndGlobalSection
	GlobalSection(ExtensibilityGlobals) = postSolution
		SolutionGuid = {4FC94928-7123-41C0-B505-E4C90EBEAD7C}
	EndGlobalSection
EndGlobal
